
Microsoft Visual Studio Solution File, Format Version 12.00
# Visual Studio 15
VisualStudioVersion = 15.0.28307.1525
MinimumVisualStudioVersion = 10.0.40219.1
Project("{FAE04EC0-301F-11D3-BF4B-00C04F79EFBC}") = "Btru", "Btru\Btru.csproj", "{9B4AEE14-5BA0-4C65-B28E-7D8675E243EB}"
EndProject
Global
	GlobalSection(SolutionConfigurationPlatforms) = preSolution
		Debug|Any CPU = Debug|Any CPU
		Release|Any CPU = Release|Any CPU
	EndGlobalSection
	GlobalSection(ProjectConfigurationPlatforms) = postSolution
		{9B4AEE14-5BA0-4C65-B28E-7D8675E243EB}.Debug|Any CPU.ActiveCfg = Debug|Any CPU
		{9B4AEE14-5BA0-4C65-B28E-7D8675E243EB}.Debug|Any CPU.Build.0 = Debug|Any CPU
		{9B4AEE14-5BA0-4C65-B28E-7D8675E243EB}.Release|Any CPU.ActiveCfg = Release|Any CPU
		{9B4AEE14-5BA0-4C65-B28E-7D8675E243EB}.Release|Any CPU.Build.0 = Release|Any CPU
	EndGlobalSection
	GlobalSection(SolutionProperties) = preSolution
		HideSolutionNode = FALSE
	EndGlobalSection
	GlobalSection(ExtensibilityGlobals) = postSolution
		SolutionGuid = {CB844C63-3CA9-406B-846D-817D89383082}
	EndGlobalSection
EndGlobal
